// !$*UTF8*$!
{
	archiveVersion = 1;
	classes = {
	};
	objectVersion = 46;
	objects = {

/* Begin PBXBuildFile section */
		D5699BC91B11209800332058 /* Images.xcassets in Resources */ = {isa = PBXBuildFile; fileRef = D5699BC81B11209800332058 /* Images.xcassets */; };
		D5699BCC1B11209800332058 /* LaunchScreen.xib in Resources */ = {isa = PBXBuildFile; fileRef = D5699BCA1B11209800332058 /* LaunchScreen.xib */; };
		D5699BD81B11209800332058 /* DemoTests.swift in Sources */ = {isa = PBXBuildFile; fileRef = D5699BD71B11209800332058 /* DemoTests.swift */; };
		D5699BE51B11213600332058 /* ViewController.swift in Sources */ = {isa = PBXBuildFile; fileRef = D5699BE11B11213600332058 /* ViewController.swift */; };
		D5699BE61B11213600332058 /* CardView.swift in Sources */ = {isa = PBXBuildFile; fileRef = D5699BE21B11213600332058 /* CardView.swift */; };
		D5699BE71B11213600332058 /* AppDelegate.swift in Sources */ = {isa = PBXBuildFile; fileRef = D5699BE31B11213600332058 /* AppDelegate.swift */; };
		D5699BE81B11213600332058 /* CollectionViewCell.swift in Sources */ = {isa = PBXBuildFile; fileRef = D5699BE41B11213600332058 /* CollectionViewCell.swift */; };
		D5699BF11B1121D300332058 /* .gitkeep in Resources */ = {isa = PBXBuildFile; fileRef = D5699BEA1B1121D300332058 /* .gitkeep */; };
		D5699BF21B1121D300332058 /* CollectionViewLayout.swift in Sources */ = {isa = PBXBuildFile; fileRef = D5699BEB1B1121D300332058 /* CollectionViewLayout.swift */; };
		D5699BF31B1121D300332058 /* UICollectionViewExtension.swift in Sources */ = {isa = PBXBuildFile; fileRef = D5699BED1B1121D300332058 /* UICollectionViewExtension.swift */; };
		D5699BFB1B145D0600332058 /* StackAnimator.swift in Sources */ = {isa = PBXBuildFile; fileRef = D5699BF81B145D0600332058 /* StackAnimator.swift */; };
		D5699BFC1B145D0600332058 /* VerticalFlipAnimator.swift in Sources */ = {isa = PBXBuildFile; fileRef = D5699BF91B145D0600332058 /* VerticalFlipAnimator.swift */; };
		D5699BFD1B145D0600332058 /* LayoutAnimator.swift in Sources */ = {isa = PBXBuildFile; fileRef = D5699BFA1B145D0600332058 /* LayoutAnimator.swift */; };
		D5699BFF1B145D6500332058 /* FlyAnimator.swift in Sources */ = {isa = PBXBuildFile; fileRef = D5699BFE1B145D6500332058 /* FlyAnimator.swift */; };
/* End PBXBuildFile section */

/* Begin PBXContainerItemProxy section */
		D5699BD21B11209800332058 /* PBXContainerItemProxy */ = {
			isa = PBXContainerItemProxy;
			containerPortal = D5699BB41B11209800332058 /* Project object */;
			proxyType = 1;
			remoteGlobalIDString = D5699BBB1B11209800332058;
			remoteInfo = Demo;
		};
/* End PBXContainerItemProxy section */

/* Begin PBXFileReference section */
		D5699BBC1B11209800332058 /* Demo.app */ = {isa = PBXFileReference; explicitFileType = wrapper.application; includeInIndex = 0; path = Demo.app; sourceTree = BUILT_PRODUCTS_DIR; };
		D5699BC01B11209800332058 /* Info.plist */ = {isa = PBXFileReference; lastKnownFileType = text.plist.xml; path = Info.plist; sourceTree = "<group>"; };
		D5699BC81B11209800332058 /* Images.xcassets */ = {isa = PBXFileReference; lastKnownFileType = folder.assetcatalog; path = Images.xcassets; sourceTree = "<group>"; };
		D5699BCB1B11209800332058 /* Base */ = {isa = PBXFileReference; lastKnownFileType = file.xib; name = Base; path = Base.lproj/LaunchScreen.xib; sourceTree = "<group>"; };
		D5699BD11B11209800332058 /* DemoTests.xctest */ = {isa = PBXFileReference; explicitFileType = wrapper.cfbundle; includeInIndex = 0; path = DemoTests.xctest; sourceTree = BUILT_PRODUCTS_DIR; };
		D5699BD61B11209800332058 /* Info.plist */ = {isa = PBXFileReference; lastKnownFileType = text.plist.xml; path = Info.plist; sourceTree = "<group>"; };
		D5699BD71B11209800332058 /* DemoTests.swift */ = {isa = PBXFileReference; lastKnownFileType = sourcecode.swift; path = DemoTests.swift; sourceTree = "<group>"; };
		D5699BE11B11213600332058 /* ViewController.swift */ = {isa = PBXFileReference; fileEncoding = 4; lastKnownFileType = sourcecode.swift; path = ViewController.swift; sourceTree = "<group>"; };
		D5699BE21B11213600332058 /* CardView.swift */ = {isa = PBXFileReference; fileEncoding = 4; lastKnownFileType = sourcecode.swift; path = CardView.swift; sourceTree = "<group>"; };
		D5699BE31B11213600332058 /* AppDelegate.swift */ = {isa = PBXFileReference; fileEncoding = 4; lastKnownFileType = sourcecode.swift; path = AppDelegate.swift; sourceTree = "<group>"; };
		D5699BE41B11213600332058 /* CollectionViewCell.swift */ = {isa = PBXFileReference; fileEncoding = 4; lastKnownFileType = sourcecode.swift; path = CollectionViewCell.swift; sourceTree = "<group>"; };
		D5699BEA1B1121D300332058 /* .gitkeep */ = {isa = PBXFileReference; fileEncoding = 4; lastKnownFileType = text; path = .gitkeep; sourceTree = "<group>"; };
		D5699BEB1B1121D300332058 /* CollectionViewLayout.swift */ = {isa = PBXFileReference; fileEncoding = 4; lastKnownFileType = sourcecode.swift; path = CollectionViewLayout.swift; sourceTree = "<group>"; };
		D5699BED1B1121D300332058 /* UICollectionViewExtension.swift */ = {isa = PBXFileReference; fileEncoding = 4; lastKnownFileType = sourcecode.swift; path = UICollectionViewExtension.swift; sourceTree = "<group>"; };
		D5699BF81B145D0600332058 /* StackAnimator.swift */ = {isa = PBXFileReference; fileEncoding = 4; lastKnownFileType = sourcecode.swift; path = StackAnimator.swift; sourceTree = "<group>"; };
		D5699BF91B145D0600332058 /* VerticalFlipAnimator.swift */ = {isa = PBXFileReference; fileEncoding = 4; lastKnownFileType = sourcecode.swift; path = VerticalFlipAnimator.swift; sourceTree = "<group>"; };
		D5699BFA1B145D0600332058 /* LayoutAnimator.swift */ = {isa = PBXFileReference; fileEncoding = 4; lastKnownFileType = sourcecode.swift; path = LayoutAnimator.swift; sourceTree = "<group>"; };
		D5699BFE1B145D6500332058 /* FlyAnimator.swift */ = {isa = PBXFileReference; fileEncoding = 4; lastKnownFileType = sourcecode.swift; path = FlyAnimator.swift; sourceTree = "<group>"; };
/* End PBXFileReference section */

/* Begin PBXFrameworksBuildPhase section */
		D5699BB91B11209800332058 /* Frameworks */ = {
			isa = PBXFrameworksBuildPhase;
			buildActionMask = 2147483647;
			files = (
			);
			runOnlyForDeploymentPostprocessing = 0;
		};
		D5699BCE1B11209800332058 /* Frameworks */ = {
			isa = PBXFrameworksBuildPhase;
			buildActionMask = 2147483647;
			files = (
			);
			runOnlyForDeploymentPostprocessing = 0;
		};
/* End PBXFrameworksBuildPhase section */

/* Begin PBXGroup section */
		D5699BB31B11209800332058 = {
			isa = PBXGroup;
			children = (
				D5699BE91B1121D300332058 /* Source */,
				D5699BBE1B11209800332058 /* Demo */,
				D5699BD41B11209800332058 /* DemoTests */,
				D5699BBD1B11209800332058 /* Products */,
			);
			sourceTree = "<group>";
		};
		D5699BBD1B11209800332058 /* Products */ = {
			isa = PBXGroup;
			children = (
				D5699BBC1B11209800332058 /* Demo.app */,
				D5699BD11B11209800332058 /* DemoTests.xctest */,
			);
			name = Products;
			sourceTree = "<group>";
		};
		D5699BBE1B11209800332058 /* Demo */ = {
			isa = PBXGroup;
			children = (
				D5699BE31B11213600332058 /* AppDelegate.swift */,
				D5699BE11B11213600332058 /* ViewController.swift */,
				D5699BE21B11213600332058 /* CardView.swift */,
				D5699BE41B11213600332058 /* CollectionViewCell.swift */,
				D5699BC81B11209800332058 /* Images.xcassets */,
				D5699BBF1B11209800332058 /* Supporting Files */,
			);
			path = Demo;
			sourceTree = "<group>";
		};
		D5699BBF1B11209800332058 /* Supporting Files */ = {
			isa = PBXGroup;
			children = (
				D5699BCA1B11209800332058 /* LaunchScreen.xib */,
				D5699BC01B11209800332058 /* Info.plist */,
			);
			name = "Supporting Files";
			sourceTree = "<group>";
		};
		D5699BD41B11209800332058 /* DemoTests */ = {
			isa = PBXGroup;
			children = (
				D5699BD71B11209800332058 /* DemoTests.swift */,
				D5699BD51B11209800332058 /* Supporting Files */,
			);
			path = DemoTests;
			sourceTree = "<group>";
		};
		D5699BD51B11209800332058 /* Supporting Files */ = {
			isa = PBXGroup;
			children = (
				D5699BD61B11209800332058 /* Info.plist */,
			);
			name = "Supporting Files";
			sourceTree = "<group>";
		};
		D5699BE91B1121D300332058 /* Source */ = {
			isa = PBXGroup;
			children = (
				D5699BEA1B1121D300332058 /* .gitkeep */,
				D5699BF71B145CDF00332058 /* Animators */,
				D5699BEC1B1121D300332058 /* Extensions */,
				D5699BEB1B1121D300332058 /* CollectionViewLayout.swift */,
			);
			name = Source;
			path = ../Source;
			sourceTree = "<group>";
		};
		D5699BEC1B1121D300332058 /* Extensions */ = {
			isa = PBXGroup;
			children = (
				D5699BED1B1121D300332058 /* UICollectionViewExtension.swift */,
			);
			path = Extensions;
			sourceTree = "<group>";
		};
		D5699BF71B145CDF00332058 /* Animators */ = {
			isa = PBXGroup;
			children = (
				D5699BF81B145D0600332058 /* StackAnimator.swift */,
				D5699BF91B145D0600332058 /* VerticalFlipAnimator.swift */,
				D5699BFA1B145D0600332058 /* LayoutAnimator.swift */,
				D5699BFE1B145D6500332058 /* FlyAnimator.swift */,
			);
			path = Animators;
			sourceTree = "<group>";
		};
/* End PBXGroup section */

/* Begin PBXNativeTarget section */
		D5699BBB1B11209800332058 /* Demo */ = {
			isa = PBXNativeTarget;
			buildConfigurationList = D5699BDB1B11209800332058 /* Build configuration list for PBXNativeTarget "Demo" */;
			buildPhases = (
				D5699BB81B11209800332058 /* Sources */,
				D5699BB91B11209800332058 /* Frameworks */,
				D5699BBA1B11209800332058 /* Resources */,
			);
			buildRules = (
			);
			dependencies = (
			);
			name = Demo;
			productName = Demo;
			productReference = D5699BBC1B11209800332058 /* Demo.app */;
			productType = "com.apple.product-type.application";
		};
		D5699BD01B11209800332058 /* DemoTests */ = {
			isa = PBXNativeTarget;
			buildConfigurationList = D5699BDE1B11209800332058 /* Build configuration list for PBXNativeTarget "DemoTests" */;
			buildPhases = (
				D5699BCD1B11209800332058 /* Sources */,
				D5699BCE1B11209800332058 /* Frameworks */,
				D5699BCF1B11209800332058 /* Resources */,
			);
			buildRules = (
			);
			dependencies = (
				D5699BD31B11209800332058 /* PBXTargetDependency */,
			);
			name = DemoTests;
			productName = DemoTests;
			productReference = D5699BD11B11209800332058 /* DemoTests.xctest */;
			productType = "com.apple.product-type.bundle.unit-test";
		};
/* End PBXNativeTarget section */

/* Begin PBXProject section */
		D5699BB41B11209800332058 /* Project object */ = {
			isa = PBXProject;
			attributes = {
				LastUpgradeCheck = 0630;
				ORGANIZATIONNAME = Hyper;
				TargetAttributes = {
					D5699BBB1B11209800332058 = {
						CreatedOnToolsVersion = 6.3.2;
					};
					D5699BD01B11209800332058 = {
						CreatedOnToolsVersion = 6.3.2;
						TestTargetID = D5699BBB1B11209800332058;
					};
				};
			};
			buildConfigurationList = D5699BB71B11209800332058 /* Build configuration list for PBXProject "Demo" */;
			compatibilityVersion = "Xcode 3.2";
			developmentRegion = English;
			hasScannedForEncodings = 0;
			knownRegions = (
				en,
				Base,
			);
			mainGroup = D5699BB31B11209800332058;
			productRefGroup = D5699BBD1B11209800332058 /* Products */;
			projectDirPath = "";
			projectRoot = "";
			targets = (
				D5699BBB1B11209800332058 /* Demo */,
				D5699BD01B11209800332058 /* DemoTests */,
			);
		};
/* End PBXProject section */

/* Begin PBXResourcesBuildPhase section */
		D5699BBA1B11209800332058 /* Resources */ = {
			isa = PBXResourcesBuildPhase;
			buildActionMask = 2147483647;
			files = (
				D5699BF11B1121D300332058 /* .gitkeep in Resources */,
				D5699BCC1B11209800332058 /* LaunchScreen.xib in Resources */,
				D5699BC91B11209800332058 /* Images.xcassets in Resources */,
			);
			runOnlyForDeploymentPostprocessing = 0;
		};
		D5699BCF1B11209800332058 /* Resources */ = {
			isa = PBXResourcesBuildPhase;
			buildActionMask = 2147483647;
			files = (
			);
			runOnlyForDeploymentPostprocessing = 0;
		};
/* End PBXResourcesBuildPhase section */

/* Begin PBXSourcesBuildPhase section */
		D5699BB81B11209800332058 /* Sources */ = {
			isa = PBXSourcesBuildPhase;
			buildActionMask = 2147483647;
			files = (
				D5699BFF1B145D6500332058 /* FlyAnimator.swift in Sources */,
				D5699BE71B11213600332058 /* AppDelegate.swift in Sources */,
				D5699BE61B11213600332058 /* CardView.swift in Sources */,
				D5699BE81B11213600332058 /* CollectionViewCell.swift in Sources */,
				D5699BE51B11213600332058 /* ViewController.swift in Sources */,
				D5699BFB1B145D0600332058 /* StackAnimator.swift in Sources */,
				D5699BFC1B145D0600332058 /* VerticalFlipAnimator.swift in Sources */,
				D5699BF31B1121D300332058 /* UICollectionViewExtension.swift in Sources */,
				D5699BFD1B145D0600332058 /* LayoutAnimator.swift in Sources */,
				D5699BF21B1121D300332058 /* CollectionViewLayout.swift in Sources */,
			);
			runOnlyForDeploymentPostprocessing = 0;
		};
		D5699BCD1B11209800332058 /* Sources */ = {
			isa = PBXSourcesBuildPhase;
			buildActionMask = 2147483647;
			files = (
				D5699BD81B11209800332058 /* DemoTests.swift in Sources */,
			);
			runOnlyForDeploymentPostprocessing = 0;
		};
/* End PBXSourcesBuildPhase section */

/* Begin PBXTargetDependency section */
		D5699BD31B11209800332058 /* PBXTargetDependency */ = {
			isa = PBXTargetDependency;
			target = D5699BBB1B11209800332058 /* Demo */;
			targetProxy = D5699BD21B11209800332058 /* PBXContainerItemProxy */;
		};
/* End PBXTargetDependency section */

/* Begin PBXVariantGroup section */
		D5699BCA1B11209800332058 /* LaunchScreen.xib */ = {
			isa = PBXVariantGroup;
			children = (
				D5699BCB1B11209800332058 /* Base */,
			);
			name = LaunchScreen.xib;
			sourceTree = "<group>";
		};
/* End PBXVariantGroup section */

/* Begin XCBuildConfiguration section */
		D5699BD91B11209800332058 /* Debug */ = {
			isa = XCBuildConfiguration;
			buildSettings = {
				ALWAYS_SEARCH_USER_PATHS = NO;
				CLANG_CXX_LANGUAGE_STANDARD = "gnu++0x";
				CLANG_CXX_LIBRARY = "libc++";
				CLANG_ENABLE_MODULES = YES;
				CLANG_ENABLE_OBJC_ARC = YES;
				CLANG_WARN_BOOL_CONVERSION = YES;
				CLANG_WARN_CONSTANT_CONVERSION = YES;
				CLANG_WARN_DIRECT_OBJC_ISA_USAGE = YES_ERROR;
				CLANG_WARN_EMPTY_BODY = YES;
				CLANG_WARN_ENUM_CONVERSION = YES;
				CLANG_WARN_INT_CONVERSION = YES;
				CLANG_WARN_OBJC_ROOT_CLASS = YES_ERROR;
				CLANG_WARN_UNREACHABLE_CODE = YES;
				CLANG_WARN__DUPLICATE_METHOD_MATCH = YES;
				"CODE_SIGN_IDENTITY[sdk=iphoneos*]" = "iPhone Developer";
				COPY_PHASE_STRIP = NO;
				DEBUG_INFORMATION_FORMAT = "dwarf-with-dsym";
				ENABLE_STRICT_OBJC_MSGSEND = YES;
				GCC_C_LANGUAGE_STANDARD = gnu99;
				GCC_DYNAMIC_NO_PIC = NO;
				GCC_NO_COMMON_BLOCKS = YES;
				GCC_OPTIMIZATION_LEVEL = 0;
				GCC_PREPROCESSOR_DEFINITIONS = (
					"DEBUG=1",
					"$(inherited)",
				);
				GCC_SYMBOLS_PRIVATE_EXTERN = NO;
				GCC_WARN_64_TO_32_BIT_CONVERSION = YES;
				GCC_WARN_ABOUT_RETURN_TYPE = YES_ERROR;
				GCC_WARN_UNDECLARED_SELECTOR = YES;
				GCC_WARN_UNINITIALIZED_AUTOS = YES_AGGRESSIVE;
				GCC_WARN_UNUSED_FUNCTION = YES;
				GCC_WARN_UNUSED_VARIABLE = YES;
				IPHONEOS_DEPLOYMENT_TARGET = 8.3;
				MTL_ENABLE_DEBUG_INFO = YES;
				ONLY_ACTIVE_ARCH = YES;
				SDKROOT = iphoneos;
				SWIFT_OPTIMIZATION_LEVEL = "-Onone";
				TARGETED_DEVICE_FAMILY = 2;
			};
			name = Debug;
		};
		D5699BDA1B11209800332058 /* Release */ = {
			isa = XCBuildConfiguration;
			buildSettings = {
				ALWAYS_SEARCH_USER_PATHS = NO;
				CLANG_CXX_LANGUAGE_STANDARD = "gnu++0x";
				CLANG_CXX_LIBRARY = "libc++";
				CLANG_ENABLE_MODULES = YES;
				CLANG_ENABLE_OBJC_ARC = YES;
				CLANG_WARN_BOOL_CONVERSION = YES;
				CLANG_WARN_CONSTANT_CONVERSION = YES;
				CLANG_WARN_DIRECT_OBJC_ISA_USAGE = YES_ERROR;
				CLANG_WARN_EMPTY_BODY = YES;
				CLANG_WARN_ENUM_CONVERSION = YES;
				CLANG_WARN_INT_CONVERSION = YES;
				CLANG_WARN_OBJC_ROOT_CLASS = YES_ERROR;
				CLANG_WARN_UNREACHABLE_CODE = YES;
				CLANG_WARN__DUPLICATE_METHOD_MATCH = YES;
				"CODE_SIGN_IDENTITY[sdk=iphoneos*]" = "iPhone Developer";
				COPY_PHASE_STRIP = NO;
				DEBUG_INFORMATION_FORMAT = "dwarf-with-dsym";
				ENABLE_NS_ASSERTIONS = NO;
				ENABLE_STRICT_OBJC_MSGSEND = YES;
				GCC_C_LANGUAGE_STANDARD = gnu99;
				GCC_NO_COMMON_BLOCKS = YES;
				GCC_WARN_64_TO_32_BIT_CONVERSION = YES;
				GCC_WARN_ABOUT_RETURN_TYPE = YES_ERROR;
				GCC_WARN_UNDECLARED_SELECTOR = YES;
				GCC_WARN_UNINITIALIZED_AUTOS = YES_AGGRESSIVE;
				GCC_WARN_UNUSED_FUNCTION = YES;
				GCC_WARN_UNUSED_VARIABLE = YES;
				IPHONEOS_DEPLOYMENT_TARGET = 8.3;
				MTL_ENABLE_DEBUG_INFO = NO;
				SDKROOT = iphoneos;
				TARGETED_DEVICE_FAMILY = 2;
				VALIDATE_PRODUCT = YES;
			};
			name = Release;
		};
		D5699BDC1B11209800332058 /* Debug */ = {
			isa = XCBuildConfiguration;
			buildSettings = {
				ASSETCATALOG_COMPILER_APPICON_NAME = AppIcon;
				INFOPLIST_FILE = Demo/Info.plist;
				LD_RUNPATH_SEARCH_PATHS = "$(inherited) @executable_path/Frameworks";
				PRODUCT_NAME = "$(TARGET_NAME)";
				TARGETED_DEVICE_FAMILY = 1;
			};
			name = Debug;
		};
		D5699BDD1B11209800332058 /* Release */ = {
			isa = XCBuildConfiguration;
			buildSettings = {
				ASSETCATALOG_COMPILER_APPICON_NAME = AppIcon;
				INFOPLIST_FILE = Demo/Info.plist;
				LD_RUNPATH_SEARCH_PATHS = "$(inherited) @executable_path/Frameworks";
				PRODUCT_NAME = "$(TARGET_NAME)";
				TARGETED_DEVICE_FAMILY = 1;
			};
			name = Release;
		};
		D5699BDF1B11209800332058 /* Debug */ = {
			isa = XCBuildConfiguration;
			buildSettings = {
				BUNDLE_LOADER = "$(TEST_HOST)";
				FRAMEWORK_SEARCH_PATHS = (
					"$(SDKROOT)/Developer/Library/Frameworks",
					"$(inherited)",
				);
				GCC_PREPROCESSOR_DEFINITIONS = (
					"DEBUG=1",
					"$(inherited)",
				);
				INFOPLIST_FILE = DemoTests/Info.plist;
				LD_RUNPATH_SEARCH_PATHS = "$(inherited) @executable_path/Frameworks @loader_path/Frameworks";
				PRODUCT_NAME = "$(TARGET_NAME)";
				TEST_HOST = "$(BUILT_PRODUCTS_DIR)/Demo.app/Demo";
			};
			name = Debug;
		};
		D5699BE01B11209800332058 /* Release */ = {
			isa = XCBuildConfiguration;
			buildSettings = {
				BUNDLE_LOADER = "$(TEST_HOST)";
				FRAMEWORK_SEARCH_PATHS = (
					"$(SDKROOT)/Developer/Library/Frameworks",
					"$(inherited)",
				);
				INFOPLIST_FILE = DemoTests/Info.plist;
				LD_RUNPATH_SEARCH_PATHS = "$(inherited) @executable_path/Frameworks @loader_path/Frameworks";
				PRODUCT_NAME = "$(TARGET_NAME)";
				TEST_HOST = "$(BUILT_PRODUCTS_DIR)/Demo.app/Demo";
			};
			name = Release;
		};
/* End XCBuildConfiguration section */

/* Begin XCConfigurationList section */
		D5699BB71B11209800332058 /* Build configuration list for PBXProject "Demo" */ = {
			isa = XCConfigurationList;
			buildConfigurations = (
				D5699BD91B11209800332058 /* Debug */,
				D5699BDA1B11209800332058 /* Release */,
			);
			defaultConfigurationIsVisible = 0;
			defaultConfigurationName = Release;
		};
		D5699BDB1B11209800332058 /* Build configuration list for PBXNativeTarget "Demo" */ = {
			isa = XCConfigurationList;
			buildConfigurations = (
				D5699BDC1B11209800332058 /* Debug */,
				D5699BDD1B11209800332058 /* Release */,
			);
			defaultConfigurationIsVisible = 0;
		};
		D5699BDE1B11209800332058 /* Build configuration list for PBXNativeTarget "DemoTests" */ = {
			isa = XCConfigurationList;
			buildConfigurations = (
				D5699BDF1B11209800332058 /* Debug */,
				D5699BE01B11209800332058 /* Release */,
			);
			defaultConfigurationIsVisible = 0;
		};
/* End XCConfigurationList section */
	};
	rootObject = D5699BB41B11209800332058 /* Project object */;
}
